
Microsoft Visual Studio Solution File, Format Version 12.00
Project("{FAE04EC0-301F-11D3-BF4B-00C04F79EFBC}") = "MetroLisboa", "MetroLisboa\MetroLisboa.csproj", "{15814EEF-5C83-4246-922C-2CF5B8FDD4C6}"
EndProject
Global
	GlobalSection(SolutionConfigurationPlatforms) = preSolution
		Debug|Any CPU = Debug|Any CPU
		Release|Any CPU = Release|Any CPU
	EndGlobalSection
	GlobalSection(ProjectConfigurationPlatforms) = postSolution
		{15814EEF-5C83-4246-922C-2CF5B8FDD4C6}.Debug|Any CPU.ActiveCfg = Debug|Any CPU
		{15814EEF-5C83-4246-922C-2CF5B8FDD4C6}.Debug|Any CPU.Build.0 = Debug|Any CPU
		{15814EEF-5C83-4246-922C-2CF5B8FDD4C6}.Release|Any CPU.ActiveCfg = Release|Any CPU
		{15814EEF-5C83-4246-922C-2CF5B8FDD4C6}.Release|Any CPU.Build.0 = Release|Any CPU
	EndGlobalSection
EndGlobal
